
Microsoft Visual Studio Solution File, Format Version 12.00
# Visual Studio Version 16
VisualStudioVersion = 16.0.31025.194
MinimumVisualStudioVersion = 10.0.40219.1
Project("{FAE04EC0-301F-11D3-BF4B-00C04F79EFBC}") = "ConsoleApp1", "ConsoleApp1\ConsoleApp1.csproj", "{C4706D79-A0D0-485D-BEB2-2BB1A6017BE6}"
EndProject
Global
	GlobalSection(SolutionConfigurationPlatforms) = preSolution
		Debug|Any CPU = Debug|Any CPU
		Release|Any CPU = Release|Any CPU
	EndGlobalSection
	GlobalSection(ProjectConfigurationPlatforms) = postSolution
		{C4706D79-A0D0-485D-BEB2-2BB1A6017BE6}.Debug|Any CPU.ActiveCfg = Debug|Any CPU
		{C4706D79-A0D0-485D-BEB2-2BB1A6017BE6}.Debug|Any CPU.Build.0 = Debug|Any CPU
		{C4706D79-A0D0-485D-BEB2-2BB1A6017BE6}.Release|Any CPU.ActiveCfg = Release|Any CPU
		{C4706D79-A0D0-485D-BEB2-2BB1A6017BE6}.Release|Any CPU.Build.0 = Release|Any CPU
	EndGlobalSection
	GlobalSection(SolutionProperties) = preSolution
		HideSolutionNode = FALSE
	EndGlobalSection
	GlobalSection(ExtensibilityGlobals) = postSolution
		SolutionGuid = {A5D4C9FD-08E0-4470-AB55-5804EB578364}
	EndGlobalSection
EndGlobal
